
Microsoft Visual Studio Solution File, Format Version 12.00
# Visual Studio Version 17
VisualStudioVersion = 17.1.32328.378
MinimumVisualStudioVersion = 10.0.40219.1
Project("{888888A0-9F3D-457C-B088-3A5042F75D52}") = "py_network_sniffer_sender", "py_network_sniffer_sender.pyproj", "{C5B95E57-DD48-40FF-82E9-312E306D1704}"
EndProject
Global
	GlobalSection(SolutionConfigurationPlatforms) = preSolution
		Debug|Any CPU = Debug|Any CPU
		Release|Any CPU = Release|Any CPU
	EndGlobalSection
	GlobalSection(ProjectConfigurationPlatforms) = postSolution
		{C5B95E57-DD48-40FF-82E9-312E306D1704}.Debug|Any CPU.ActiveCfg = Debug|Any CPU
		{C5B95E57-DD48-40FF-82E9-312E306D1704}.Release|Any CPU.ActiveCfg = Release|Any CPU
	EndGlobalSection
	GlobalSection(SolutionProperties) = preSolution
		HideSolutionNode = FALSE
	EndGlobalSection
	GlobalSection(ExtensibilityGlobals) = postSolution
		SolutionGuid = {3B8F7FF4-8A3A-4DAB-83E4-0AE54242DEBC}
	EndGlobalSection
EndGlobal
